
Microsoft Visual Studio Solution File, Format Version 12.00
# Visual Studio Version 16
VisualStudioVersion = 16.0.30204.135
MinimumVisualStudioVersion = 10.0.40219.1
Project("{FAE04EC0-301F-11D3-BF4B-00C04F79EFBC}") = "Practical1", "Practical1\Practical1.csproj", "{3DAD72C0-1EC5-4580-B5F6-27872799C85D}"
EndProject
Global
	GlobalSection(SolutionConfigurationPlatforms) = preSolution
		Debug|Any CPU = Debug|Any CPU
		Release|Any CPU = Release|Any CPU
	EndGlobalSection
	GlobalSection(ProjectConfigurationPlatforms) = postSolution
		{3DAD72C0-1EC5-4580-B5F6-27872799C85D}.Debug|Any CPU.ActiveCfg = Debug|Any CPU
		{3DAD72C0-1EC5-4580-B5F6-27872799C85D}.Debug|Any CPU.Build.0 = Debug|Any CPU
		{3DAD72C0-1EC5-4580-B5F6-27872799C85D}.Release|Any CPU.ActiveCfg = Release|Any CPU
		{3DAD72C0-1EC5-4580-B5F6-27872799C85D}.Release|Any CPU.Build.0 = Release|Any CPU
	EndGlobalSection
	GlobalSection(SolutionProperties) = preSolution
		HideSolutionNode = FALSE
	EndGlobalSection
	GlobalSection(ExtensibilityGlobals) = postSolution
		SolutionGuid = {1AD24DA1-8553-4726-989A-2912C6DA8D57}
	EndGlobalSection
EndGlobal
